
Microsoft Visual Studio Solution File, Format Version 12.00
# Visual Studio Version 17
VisualStudioVersion = 17.14.36429.23 d17.14
MinimumVisualStudioVersion = 10.0.40219.1
Project("{FAE04EC0-301F-11D3-BF4B-00C04F79EFBC}") = "PasswordChecker", "PasswordChecker\PasswordChecker.csproj", "{823392D5-85F4-4625-B802-89E40284B373}"
EndProject
Project("{FAE04EC0-301F-11D3-BF4B-00C04F79EFBC}") = "PasswordCheckLogic", "PasswordCheckLogic\PasswordCheckLogic.csproj", "{6A52FC9F-8997-4D3F-9268-369C81966A73}"
EndProject
Global
	GlobalSection(SolutionConfigurationPlatforms) = preSolution
		Debug|Any CPU = Debug|Any CPU
		Release|Any CPU = Release|Any CPU
	EndGlobalSection
	GlobalSection(ProjectConfigurationPlatforms) = postSolution
		{823392D5-85F4-4625-B802-89E40284B373}.Debug|Any CPU.ActiveCfg = Debug|Any CPU
		{823392D5-85F4-4625-B802-89E40284B373}.Debug|Any CPU.Build.0 = Debug|Any CPU
		{823392D5-85F4-4625-B802-89E40284B373}.Release|Any CPU.ActiveCfg = Release|Any CPU
		{823392D5-85F4-4625-B802-89E40284B373}.Release|Any CPU.Build.0 = Release|Any CPU
		{6A52FC9F-8997-4D3F-9268-369C81966A73}.Debug|Any CPU.ActiveCfg = Debug|Any CPU
		{6A52FC9F-8997-4D3F-9268-369C81966A73}.Debug|Any CPU.Build.0 = Debug|Any CPU
		{6A52FC9F-8997-4D3F-9268-369C81966A73}.Release|Any CPU.ActiveCfg = Release|Any CPU
		{6A52FC9F-8997-4D3F-9268-369C81966A73}.Release|Any CPU.Build.0 = Release|Any CPU
	EndGlobalSection
	GlobalSection(SolutionProperties) = preSolution
		HideSolutionNode = FALSE
	EndGlobalSection
	GlobalSection(ExtensibilityGlobals) = postSolution
		SolutionGuid = {56B24338-3BFF-471E-BE3D-2DE54E9B224B}
	EndGlobalSection
EndGlobal
